PODS:
  - AEXML (4.0.1)
  - Alamofire (4.1.0)
  - SWXMLHash (3.0.2)

DEPENDENCIES:
  - AEXML (~> 4.0)
  - Alamofire (~> 4.1.0)
  - SWXMLHash (~> 3.0)

SPEC CHECKSUMS:
  AEXML: 905e50474c0a261d335aa8be4ee32d22d69b6fd5
  Alamofire: e266cf991b933498df791e645e0d8ac294492153
  SWXMLHash: e0f6935971f01b06fb228cf435510d998ecde647

PODFILE CHECKSUM: e42236058cfbebf6dff8508816537df095d679ab

COCOAPODS: 1.1.0.rc.2
