// !$*UTF8*$!
{
	archiveVersion = 1;
	classes = {
	};
	objectVersion = 47;
	objects = {

/* Begin PBXBuildFile section */
		32DA5D7786EC4612F053ACCC /* Pods_Outhouse.framework in Frameworks */ = {isa = PBXBuildFile; fileRef = F207BBA92B33C4C2C86274D0 /* Pods_Outhouse.framework */; };
		A27044F24946F69AD0DF3E1A /* Pods_OuthouseUITests.framework in Frameworks */ = {isa = PBXBuildFile; fileRef = 9A87446343C60168A90CEB75 /* Pods_OuthouseUITests.framework */; };
		BD89C8FE1D696ADA00678160 /* AppDelegate.swift in Sources */ = {isa = PBXBuildFile; fileRef = BD89C8FD1D696ADA00678160 /* AppDelegate.swift */; };
		BD89C9001D696ADA00678160 /* ViewController.swift in Sources */ = {isa = PBXBuildFile; fileRef = BD89C8FF1D696ADA00678160 /* ViewController.swift */; };
		BD89C9031D696ADA00678160 /* Main.storyboard in Resources */ = {isa = PBXBuildFile; fileRef = BD89C9011D696ADA00678160 /* Main.storyboard */; };
		BD89C9051D696ADA00678160 /* Assets.xcassets in Resources */ = {isa = PBXBuildFile; fileRef = BD89C9041D696ADA00678160 /* Assets.xcassets */; };
		BD89C9081D696ADA00678160 /* LaunchScreen.storyboard in Resources */ = {isa = PBXBuildFile; fileRef = BD89C9061D696ADA00678160 /* LaunchScreen.storyboard */; };
		BD89C9131D696ADA00678160 /* OuthouseTests.swift in Sources */ = {isa = PBXBuildFile; fileRef = BD89C9121D696ADA00678160 /* OuthouseTests.swift */; };
		BD89C91E1D696ADA00678160 /* OuthouseUITests.swift in Sources */ = {isa = PBXBuildFile; fileRef = BD89C91D1D696ADA00678160 /* OuthouseUITests.swift */; };
		BDCC22CF1D88EAC800909103 /* stop-sign-png-27210.png in Resources */ = {isa = PBXBuildFile; fileRef = BDCC22CC1D88EAC800909103 /* stop-sign-png-27210.png */; };
		BDCC22D01D88EAC800909103 /* stop-sign-png-27224.png in Resources */ = {isa = PBXBuildFile; fileRef = BDCC22CD1D88EAC800909103 /* stop-sign-png-27224.png */; };
		BDCC22D11D88EAC800909103 /* check-tick-icon-14147.png in Resources */ = {isa = PBXBuildFile; fileRef = BDCC22CE1D88EAC800909103 /* check-tick-icon-14147.png */; };
		BDCC22D31D8DF37400909103 /* Settings.bundle in Resources */ = {isa = PBXBuildFile; fileRef = BDCC22D21D8DF37400909103 /* Settings.bundle */; };
		BDCC22D71D8E151800909103 /* UpcomingEventsTableViewController.swift in Sources */ = {isa = PBXBuildFile; fileRef = BDCC22D61D8E151800909103 /* UpcomingEventsTableViewController.swift */; };
		BDFE84351D696EB100E91234 /* Structures.swift in Sources */ = {isa = PBXBuildFile; fileRef = BDFE84301D696EB100E91234 /* Structures.swift */; };
		BDFE84361D696EB100E91234 /* TicketDetailsViewController.swift in Sources */ = {isa = PBXBuildFile; fileRef = BDFE84311D696EB100E91234 /* TicketDetailsViewController.swift */; };
		BDFE84371D696EB100E91234 /* BarcodeReaderViewController.swift in Sources */ = {isa = PBXBuildFile; fileRef = BDFE84321D696EB100E91234 /* BarcodeReaderViewController.swift */; };
		BDFE84381D696EB100E91234 /* Constants.swift in Sources */ = {isa = PBXBuildFile; fileRef = BDFE84331D696EB100E91234 /* Constants.swift */; };
		BDFE84391D696EB100E91234 /* DataService.swift in Sources */ = {isa = PBXBuildFile; fileRef = BDFE84341D696EB100E91234 /* DataService.swift */; };
		BDFE84421D6BD04400E91234 /* barcodeButtonPressed.png in Resources */ = {isa = PBXBuildFile; fileRef = BDFE84401D6BD04400E91234 /* barcodeButtonPressed.png */; };
		BDFE84431D6BD04400E91234 /* barcodeButton.png in Resources */ = {isa = PBXBuildFile; fileRef = BDFE84411D6BD04400E91234 /* barcodeButton.png */; };
		BDFE84461D6BD79A00E91234 /* ShowSplashScreenViewController.swift in Sources */ = {isa = PBXBuildFile; fileRef = BDFE84451D6BD79A00E91234 /* ShowSplashScreenViewController.swift */; };
		BDFE84481D6BDD5100E91234 /* outhouseFull.jpg in Resources */ = {isa = PBXBuildFile; fileRef = BDFE84471D6BDD5100E91234 /* outhouseFull.jpg */; };
		EBBAD2E4EA658539CA753C1E /* Pods_OuthouseTests.framework in Frameworks */ = {isa = PBXBuildFile; fileRef = 78BEAE7862178282C99E8197 /* Pods_OuthouseTests.framework */; };
/* End PBXBuildFile section */

/* Begin PBXContainerItemProxy section */
		BD89C90F1D696ADA00678160 /* PBXContainerItemProxy */ = {
			isa = PBXContainerItemProxy;
			containerPortal = BD89C8F21D696ADA00678160 /* Project object */;
			proxyType = 1;
			remoteGlobalIDString = BD89C8F91D696ADA00678160;
			remoteInfo = Outhouse;
		};
		BD89C91A1D696ADA00678160 /* PBXContainerItemProxy */ = {
			isa = PBXContainerItemProxy;
			containerPortal = BD89C8F21D696ADA00678160 /* Project object */;
			proxyType = 1;
			remoteGlobalIDString = BD89C8F91D696ADA00678160;
			remoteInfo = Outhouse;
		};
/* End PBXContainerItemProxy section */

/* Begin PBXFileReference section */
		08254B4F212ED9BBFCB4A277 /* Pods-OuthouseTests.release.xcconfig */ = {isa = PBXFileReference; includeInIndex = 1; lastKnownFileType = text.xcconfig; name = "Pods-OuthouseTests.release.xcconfig"; path = "Pods/Target Support Files/Pods-OuthouseTests/Pods-OuthouseTests.release.xcconfig"; sourceTree = "<group>"; };
		5702110529DE31FFE40DF4C6 /* Pods-Outhouse.release.xcconfig */ = {isa = PBXFileReference; includeInIndex = 1; lastKnownFileType = text.xcconfig; name = "Pods-Outhouse.release.xcconfig"; path = "Pods/Target Support Files/Pods-Outhouse/Pods-Outhouse.release.xcconfig"; sourceTree = "<group>"; };
		78BEAE7862178282C99E8197 /* Pods_OuthouseTests.framework */ = {isa = PBXFileReference; explicitFileType = wrapper.framework; includeInIndex = 0; path = Pods_OuthouseTests.framework; sourceTree = BUILT_PRODUCTS_DIR; };
		922503E2F1644CF4B61D0519 /* Pods-OuthouseUITests.release.xcconfig */ = {isa = PBXFileReference; includeInIndex = 1; lastKnownFileType = text.xcconfig; name = "Pods-OuthouseUITests.release.xcconfig"; path = "Pods/Target Support Files/Pods-OuthouseUITests/Pods-OuthouseUITests.release.xcconfig"; sourceTree = "<group>"; };
		9A87446343C60168A90CEB75 /* Pods_OuthouseUITests.framework */ = {isa = PBXFileReference; explicitFileType = wrapper.framework; includeInIndex = 0; path = Pods_OuthouseUITests.framework; sourceTree = BUILT_PRODUCTS_DIR; };
		B92E08EDC519527F601C5576 /* Pods-OuthouseUITests.debug.xcconfig */ = {isa = PBXFileReference; includeInIndex = 1; lastKnownFileType = text.xcconfig; name = "Pods-OuthouseUITests.debug.xcconfig"; path = "Pods/Target Support Files/Pods-OuthouseUITests/Pods-OuthouseUITests.debug.xcconfig"; sourceTree = "<group>"; };
		BD89C8FA1D696ADA00678160 /* Outhouse.app */ = {isa = PBXFileReference; explicitFileType = wrapper.application; includeInIndex = 0; path = Outhouse.app; sourceTree = BUILT_PRODUCTS_DIR; };
		BD89C8FD1D696ADA00678160 /* AppDelegate.swift */ = {isa = PBXFileReference; lastKnownFileType = sourcecode.swift; path = AppDelegate.swift; sourceTree = "<group>"; };
		BD89C8FF1D696ADA00678160 /* ViewController.swift */ = {isa = PBXFileReference; lastKnownFileType = sourcecode.swift; path = ViewController.swift; sourceTree = "<group>"; };
		BD89C9021D696ADA00678160 /* Base */ = {isa = PBXFileReference; lastKnownFileType = file.storyboard; name = Base; path = Base.lproj/Main.storyboard; sourceTree = "<group>"; };
		BD89C9041D696ADA00678160 /* Assets.xcassets */ = {isa = PBXFileReference; lastKnownFileType = folder.assetcatalog; path = Assets.xcassets; sourceTree = "<group>"; };
		BD89C9071D696ADA00678160 /* Base */ = {isa = PBXFileReference; lastKnownFileType = file.storyboard; name = Base; path = Base.lproj/LaunchScreen.storyboard; sourceTree = "<group>"; };
		BD89C9091D696ADA00678160 /* Info.plist */ = {isa = PBXFileReference; lastKnownFileType = text.plist.xml; path = Info.plist; sourceTree = "<group>"; };
		BD89C90E1D696ADA00678160 /* OuthouseTests.xctest */ = {isa = PBXFileReference; explicitFileType = wrapper.cfbundle; includeInIndex = 0; path = OuthouseTests.xctest; sourceTree = BUILT_PRODUCTS_DIR; };
		BD89C9121D696ADA00678160 /* OuthouseTests.swift */ = {isa = PBXFileReference; lastKnownFileType = sourcecode.swift; path = OuthouseTests.swift; sourceTree = "<group>"; };
		BD89C9141D696ADA00678160 /* Info.plist */ = {isa = PBXFileReference; lastKnownFileType = text.plist.xml; path = Info.plist; sourceTree = "<group>"; };
		BD89C9191D696ADA00678160 /* OuthouseUITests.xctest */ = {isa = PBXFileReference; explicitFileType = wrapper.cfbundle; includeInIndex = 0; path = OuthouseUITests.xctest; sourceTree = BUILT_PRODUCTS_DIR; };
		BD89C91D1D696ADA00678160 /* OuthouseUITests.swift */ = {isa = PBXFileReference; lastKnownFileType = sourcecode.swift; path = OuthouseUITests.swift; sourceTree = "<group>"; };
		BD89C91F1D696ADA00678160 /* Info.plist */ = {isa = PBXFileReference; lastKnownFileType = text.plist.xml; path = Info.plist; sourceTree = "<group>"; };
		BDCC22CC1D88EAC800909103 /* stop-sign-png-27210.png */ = {isa = PBXFileReference; lastKnownFileType = image.png; name = "stop-sign-png-27210.png"; path = "Images/stop-sign-png-27210.png"; sourceTree = "<group>"; };
		BDCC22CD1D88EAC800909103 /* stop-sign-png-27224.png */ = {isa = PBXFileReference; lastKnownFileType = image.png; name = "stop-sign-png-27224.png"; path = "Images/stop-sign-png-27224.png"; sourceTree = "<group>"; };
		BDCC22CE1D88EAC800909103 /* check-tick-icon-14147.png */ = {isa = PBXFileReference; lastKnownFileType = image.png; name = "check-tick-icon-14147.png"; path = "Images/check-tick-icon-14147.png"; sourceTree = "<group>"; };
		BDCC22D21D8DF37400909103 /* Settings.bundle */ = {isa = PBXFileReference; lastKnownFileType = "wrapper.plug-in"; path = Settings.bundle; sourceTree = "<group>"; };
		BDCC22D61D8E151800909103 /* UpcomingEventsTableViewController.swift */ = {isa = PBXFileReference; fileEncoding = 4; lastKnownFileType = sourcecode.swift; path = UpcomingEventsTableViewController.swift; sourceTree = "<group>"; };
		BDFE84301D696EB100E91234 /* Structures.swift */ = {isa = PBXFileReference; fileEncoding = 4; lastKnownFileType = sourcecode.swift; path = Structures.swift; sourceTree = "<group>"; };
		BDFE84311D696EB100E91234 /* TicketDetailsViewController.swift */ = {isa = PBXFileReference; fileEncoding = 4; lastKnownFileType = sourcecode.swift; path = TicketDetailsViewController.swift; sourceTree = "<group>"; };
		BDFE84321D696EB100E91234 /* BarcodeReaderViewController.swift */ = {isa = PBXFileReference; fileEncoding = 4; lastKnownFileType = sourcecode.swift; path = BarcodeReaderViewController.swift; sourceTree = "<group>"; };
		BDFE84331D696EB100E91234 /* Constants.swift */ = {isa = PBXFileReference; fileEncoding = 4; lastKnownFileType = sourcecode.swift; path = Constants.swift; sourceTree = "<group>"; };
		BDFE84341D696EB100E91234 /* DataService.swift */ = {isa = PBXFileReference; fileEncoding = 4; lastKnownFileType = sourcecode.swift; path = DataService.swift; sourceTree = "<group>"; };
		BDFE84401D6BD04400E91234 /* barcodeButtonPressed.png */ = {isa = PBXFileReference; lastKnownFileType = image.png; name = barcodeButtonPressed.png; path = Images/barcodeButtonPressed.png; sourceTree = "<group>"; };
		BDFE84411D6BD04400E91234 /* barcodeButton.png */ = {isa = PBXFileReference; lastKnownFileType = image.png; name = barcodeButton.png; path = Images/barcodeButton.png; sourceTree = "<group>"; };
		BDFE84451D6BD79A00E91234 /* ShowSplashScreenViewController.swift */ = {isa = PBXFileReference; fileEncoding = 4; lastKnownFileType = sourcecode.swift; path = ShowSplashScreenViewController.swift; sourceTree = "<group>"; };
		BDFE84471D6BDD5100E91234 /* outhouseFull.jpg */ = {isa = PBXFileReference; lastKnownFileType = image.jpeg; name = outhouseFull.jpg; path = Images/outhouseFull.jpg; sourceTree = "<group>"; };
		D78F3EA7C14C442DCDB45521 /* Pods-Outhouse.debug.xcconfig */ = {isa = PBXFileReference; includeInIndex = 1; lastKnownFileType = text.xcconfig; name = "Pods-Outhouse.debug.xcconfig"; path = "Pods/Target Support Files/Pods-Outhouse/Pods-Outhouse.debug.xcconfig"; sourceTree = "<group>"; };
		F207BBA92B33C4C2C86274D0 /* Pods_Outhouse.framework */ = {isa = PBXFileReference; explicitFileType = wrapper.framework; includeInIndex = 0; path = Pods_Outhouse.framework; sourceTree = BUILT_PRODUCTS_DIR; };
		FE54DD63CA0BE0A960625128 /* Pods-OuthouseTests.debug.xcconfig */ = {isa = PBXFileReference; includeInIndex = 1; lastKnownFileType = text.xcconfig; name = "Pods-OuthouseTests.debug.xcconfig"; path = "Pods/Target Support Files/Pods-OuthouseTests/Pods-OuthouseTests.debug.xcconfig"; sourceTree = "<group>"; };
/* End PBXFileReference section */

/* Begin PBXFrameworksBuildPhase section */
		BD89C8F71D696ADA00678160 /* Frameworks */ = {
			isa = PBXFrameworksBuildPhase;
			buildActionMask = 2147483647;
			files = (
				32DA5D7786EC4612F053ACCC /* Pods_Outhouse.framework in Frameworks */,
			);
			runOnlyForDeploymentPostprocessing = 0;
		};
		BD89C90B1D696ADA00678160 /* Frameworks */ = {
			isa = PBXFrameworksBuildPhase;
			buildActionMask = 2147483647;
			files = (
				EBBAD2E4EA658539CA753C1E /* Pods_OuthouseTests.framework in Frameworks */,
			);
			runOnlyForDeploymentPostprocessing = 0;
		};
		BD89C9161D696ADA00678160 /* Frameworks */ = {
			isa = PBXFrameworksBuildPhase;
			buildActionMask = 2147483647;
			files = (
				A27044F24946F69AD0DF3E1A /* Pods_OuthouseUITests.framework in Frameworks */,
			);
			runOnlyForDeploymentPostprocessing = 0;
		};
/* End PBXFrameworksBuildPhase section */

/* Begin PBXGroup section */
		009409344CF80A8DFA445A13 /* Frameworks */ = {
			isa = PBXGroup;
			children = (
				F207BBA92B33C4C2C86274D0 /* Pods_Outhouse.framework */,
				78BEAE7862178282C99E8197 /* Pods_OuthouseTests.framework */,
				9A87446343C60168A90CEB75 /* Pods_OuthouseUITests.framework */,
			);
			name = Frameworks;
			sourceTree = "<group>";
		};
		2A176954B200A04A4FBB5E9B /* Pods */ = {
			isa = PBXGroup;
			children = (
				D78F3EA7C14C442DCDB45521 /* Pods-Outhouse.debug.xcconfig */,
				5702110529DE31FFE40DF4C6 /* Pods-Outhouse.release.xcconfig */,
				FE54DD63CA0BE0A960625128 /* Pods-OuthouseTests.debug.xcconfig */,
				08254B4F212ED9BBFCB4A277 /* Pods-OuthouseTests.release.xcconfig */,
				B92E08EDC519527F601C5576 /* Pods-OuthouseUITests.debug.xcconfig */,
				922503E2F1644CF4B61D0519 /* Pods-OuthouseUITests.release.xcconfig */,
			);
			name = Pods;
			sourceTree = "<group>";
		};
		BD89C8F11D696ADA00678160 = {
			isa = PBXGroup;
			children = (
				BD89C8FC1D696ADA00678160 /* Outhouse */,
				BD89C9111D696ADA00678160 /* OuthouseTests */,
				BD89C91C1D696ADA00678160 /* OuthouseUITests */,
				BD89C8FB1D696ADA00678160 /* Products */,
				2A176954B200A04A4FBB5E9B /* Pods */,
				009409344CF80A8DFA445A13 /* Frameworks */,
			);
			sourceTree = "<group>";
		};
		BD89C8FB1D696ADA00678160 /* Products */ = {
			isa = PBXGroup;
			children = (
				BD89C8FA1D696ADA00678160 /* Outhouse.app */,
				BD89C90E1D696ADA00678160 /* OuthouseTests.xctest */,
				BD89C9191D696ADA00678160 /* OuthouseUITests.xctest */,
			);
			name = Products;
			sourceTree = "<group>";
		};
		BD89C8FC1D696ADA00678160 /* Outhouse */ = {
			isa = PBXGroup;
			children = (
				BD89C9041D696ADA00678160 /* Assets.xcassets */,
				BDFE84331D696EB100E91234 /* Constants.swift */,
				BDFE84441D6BD06800E91234 /* Images */,
				BD89C8FD1D696ADA00678160 /* AppDelegate.swift */,
				BD89C8FF1D696ADA00678160 /* ViewController.swift */,
				BDFE84301D696EB100E91234 /* Structures.swift */,
				BDFE84451D6BD79A00E91234 /* ShowSplashScreenViewController.swift */,
				BDCC22D61D8E151800909103 /* UpcomingEventsTableViewController.swift */,
				BDFE84311D696EB100E91234 /* TicketDetailsViewController.swift */,
				BDFE84321D696EB100E91234 /* BarcodeReaderViewController.swift */,
				BDFE84341D696EB100E91234 /* DataService.swift */,
				BD89C9011D696ADA00678160 /* Main.storyboard */,
				BDCC22D21D8DF37400909103 /* Settings.bundle */,
				BD89C9061D696ADA00678160 /* LaunchScreen.storyboard */,
				BD89C9091D696ADA00678160 /* Info.plist */,
			);
			path = Outhouse;
			sourceTree = "<group>";
		};
		BD89C9111D696ADA00678160 /* OuthouseTests */ = {
			isa = PBXGroup;
			children = (
				BD89C9121D696ADA00678160 /* OuthouseTests.swift */,
				BD89C9141D696ADA00678160 /* Info.plist */,
			);
			path = OuthouseTests;
			sourceTree = "<group>";
		};
		BD89C91C1D696ADA00678160 /* OuthouseUITests */ = {
			isa = PBXGroup;
			children = (
				BD89C91D1D696ADA00678160 /* OuthouseUITests.swift */,
				BD89C91F1D696ADA00678160 /* Info.plist */,
			);
			path = OuthouseUITests;
			sourceTree = "<group>";
		};
		BDFE84441D6BD06800E91234 /* Images */ = {
			isa = PBXGroup;
			children = (
				BDCC22CC1D88EAC800909103 /* stop-sign-png-27210.png */,
				BDCC22CD1D88EAC800909103 /* stop-sign-png-27224.png */,
				BDCC22CE1D88EAC800909103 /* check-tick-icon-14147.png */,
				BDFE84471D6BDD5100E91234 /* outhouseFull.jpg */,
				BDFE84411D6BD04400E91234 /* barcodeButton.png */,
				BDFE84401D6BD04400E91234 /* barcodeButtonPressed.png */,
			);
			name = Images;
			sourceTree = "<group>";
		};
/* End PBXGroup section */

/* Begin PBXNativeTarget section */
		BD89C8F91D696ADA00678160 /* Outhouse */ = {
			isa = PBXNativeTarget;
			buildConfigurationList = BD89C9221D696ADA00678160 /* Build configuration list for PBXNativeTarget "Outhouse" */;
			buildPhases = (
				4E218FC2622CAFCFC8D0B2D2 /* [CP] Check Pods Manifest.lock */,
				BD89C8F61D696ADA00678160 /* Sources */,
				BD89C8F71D696ADA00678160 /* Frameworks */,
				BD89C8F81D696ADA00678160 /* Resources */,
				131206D119A5FFDD6012BA7B /* [CP] Embed Pods Frameworks */,
				92F145806CECB1006FDC5D1A /* [CP] Copy Pods Resources */,
			);
			buildRules = (
			);
			dependencies = (
			);
			name = Outhouse;
			productName = Outhouse;
			productReference = BD89C8FA1D696ADA00678160 /* Outhouse.app */;
			productType = "com.apple.product-type.application";
		};
		BD89C90D1D696ADA00678160 /* OuthouseTests */ = {
			isa = PBXNativeTarget;
			buildConfigurationList = BD89C9251D696ADA00678160 /* Build configuration list for PBXNativeTarget "OuthouseTests" */;
			buildPhases = (
				34834EAB99BAFDFE5E954965 /* [CP] Check Pods Manifest.lock */,
				BD89C90A1D696ADA00678160 /* Sources */,
				BD89C90B1D696ADA00678160 /* Frameworks */,
				BD89C90C1D696ADA00678160 /* Resources */,
				D7F080AE1B9235EA2641E5E8 /* [CP] Embed Pods Frameworks */,
				45737497727C5DA833BABC7E /* [CP] Copy Pods Resources */,
			);
			buildRules = (
			);
			dependencies = (
				BD89C9101D696ADA00678160 /* PBXTargetDependency */,
			);
			name = OuthouseTests;
			productName = OuthouseTests;
			productReference = BD89C90E1D696ADA00678160 /* OuthouseTests.xctest */;
			productType = "com.apple.product-type.bundle.unit-test";
		};
		BD89C9181D696ADA00678160 /* OuthouseUITests */ = {
			isa = PBXNativeTarget;
			buildConfigurationList = BD89C9281D696ADA00678160 /* Build configuration list for PBXNativeTarget "OuthouseUITests" */;
			buildPhases = (
				E509EA53A8C2709714EFA8FF /* [CP] Check Pods Manifest.lock */,
				BD89C9151D696ADA00678160 /* Sources */,
				BD89C9161D696ADA00678160 /* Frameworks */,
				BD89C9171D696ADA00678160 /* Resources */,
				59300648EF735207F7634F02 /* [CP] Copy Pods Resources */,
			);
			buildRules = (
			);
			dependencies = (
				BD89C91B1D696ADA00678160 /* PBXTargetDependency */,
			);
			name = OuthouseUITests;
			productName = OuthouseUITests;
			productReference = BD89C9191D696ADA00678160 /* OuthouseUITests.xctest */;
			productType = "com.apple.product-type.bundle.ui-testing";
		};
/* End PBXNativeTarget section */

/* Begin PBXProject section */
		BD89C8F21D696ADA00678160 /* Project object */ = {
			isa = PBXProject;
			attributes = {
				LastSwiftUpdateCheck = 0730;
				LastUpgradeCheck = 0730;
				ORGANIZATIONNAME = "Derek May";
				TargetAttributes = {
					BD89C8F91D696ADA00678160 = {
						CreatedOnToolsVersion = 7.3.1;
						DevelopmentTeam = AHSHHZP29H;
					};
					BD89C90D1D696ADA00678160 = {
						CreatedOnToolsVersion = 7.3.1;
						TestTargetID = BD89C8F91D696ADA00678160;
					};
					BD89C9181D696ADA00678160 = {
						CreatedOnToolsVersion = 7.3.1;
						TestTargetID = BD89C8F91D696ADA00678160;
					};
				};
			};
			buildConfigurationList = BD89C8F51D696ADA00678160 /* Build configuration list for PBXProject "Outhouse" */;
			compatibilityVersion = "Xcode 6.3";
			developmentRegion = English;
			hasScannedForEncodings = 0;
			knownRegions = (
				en,
				Base,
			);
			mainGroup = BD89C8F11D696ADA00678160;
			productRefGroup = BD89C8FB1D696ADA00678160 /* Products */;
			projectDirPath = "";
			projectRoot = "";
			targets = (
				BD89C8F91D696ADA00678160 /* Outhouse */,
				BD89C90D1D696ADA00678160 /* OuthouseTests */,
				BD89C9181D696ADA00678160 /* OuthouseUITests */,
			);
		};
/* End PBXProject section */

/* Begin PBXResourcesBuildPhase section */
		BD89C8F81D696ADA00678160 /* Resources */ = {
			isa = PBXResourcesBuildPhase;
			buildActionMask = 2147483647;
			files = (
				BDCC22D11D88EAC800909103 /* check-tick-icon-14147.png in Resources */,
				BDFE84421D6BD04400E91234 /* barcodeButtonPressed.png in Resources */,
				BDCC22D31D8DF37400909103 /* Settings.bundle in Resources */,
				BD89C9081D696ADA00678160 /* LaunchScreen.storyboard in Resources */,
				BDCC22CF1D88EAC800909103 /* stop-sign-png-27210.png in Resources */,
				BDFE84431D6BD04400E91234 /* barcodeButton.png in Resources */,
				BD89C9051D696ADA00678160 /* Assets.xcassets in Resources */,
				BD89C9031D696ADA00678160 /* Main.storyboard in Resources */,
				BDCC22D01D88EAC800909103 /* stop-sign-png-27224.png in Resources */,
				BDFE84481D6BDD5100E91234 /* outhouseFull.jpg in Resources */,
			);
			runOnlyForDeploymentPostprocessing = 0;
		};
		BD89C90C1D696ADA00678160 /* Resources */ = {
			isa = PBXResourcesBuildPhase;
			buildActionMask = 2147483647;
			files = (
			);
			runOnlyForDeploymentPostprocessing = 0;
		};
		BD89C9171D696ADA00678160 /* Resources */ = {
			isa = PBXResourcesBuildPhase;
			buildActionMask = 2147483647;
			files = (
			);
			runOnlyForDeploymentPostprocessing = 0;
		};
/* End PBXResourcesBuildPhase section */

/* Begin PBXShellScriptBuildPhase section */
		131206D119A5FFDD6012BA7B /* [CP] Embed Pods Frameworks */ = {
			isa = PBXShellScriptBuildPhase;
			buildActionMask = 2147483647;
			files = (
			);
			inputPaths = (
			);
			name = "[CP] Embed Pods Frameworks";
			outputPaths = (
			);
			runOnlyForDeploymentPostprocessing = 0;
			shellPath = /bin/sh;
			shellScript = "\"${SRCROOT}/Pods/Target Support Files/Pods-Outhouse/Pods-Outhouse-frameworks.sh\"\n";
			showEnvVarsInLog = 0;
		};
		34834EAB99BAFDFE5E954965 /* [CP] Check Pods Manifest.lock */ = {
			isa = PBXShellScriptBuildPhase;
			buildActionMask = 2147483647;
			files = (
			);
			inputPaths = (
			);
			name = "[CP] Check Pods Manifest.lock";
			outputPaths = (
			);
			runOnlyForDeploymentPostprocessing = 0;
			shellPath = /bin/sh;
			shellScript = "diff \"${PODS_ROOT}/../Podfile.lock\" \"${PODS_ROOT}/Manifest.lock\" > /dev/null\nif [[ $? != 0 ]] ; then\n    cat << EOM\nerror: The sandbox is not in sync with the Podfile.lock. Run 'pod install' or update your CocoaPods installation.\nEOM\n    exit 1\nfi\n";
			showEnvVarsInLog = 0;
		};
		45737497727C5DA833BABC7E /* [CP] Copy Pods Resources */ = {
			isa = PBXShellScriptBuildPhase;
			buildActionMask = 2147483647;
			files = (
			);
			inputPaths = (
			);
			name = "[CP] Copy Pods Resources";
			outputPaths = (
			);
			runOnlyForDeploymentPostprocessing = 0;
			shellPath = /bin/sh;
			shellScript = "\"${SRCROOT}/Pods/Target Support Files/Pods-OuthouseTests/Pods-OuthouseTests-resources.sh\"\n";
			showEnvVarsInLog = 0;
		};
		4E218FC2622CAFCFC8D0B2D2 /* [CP] Check Pods Manifest.lock */ = {
			isa = PBXShellScriptBuildPhase;
			buildActionMask = 2147483647;
			files = (
			);
			inputPaths = (
			);
			name = "[CP] Check Pods Manifest.lock";
			outputPaths = (
			);
			runOnlyForDeploymentPostprocessing = 0;
			shellPath = /bin/sh;
			shellScript = "diff \"${PODS_ROOT}/../Podfile.lock\" \"${PODS_ROOT}/Manifest.lock\" > /dev/null\nif [[ $? != 0 ]] ; then\n    cat << EOM\nerror: The sandbox is not in sync with the Podfile.lock. Run 'pod install' or update your CocoaPods installation.\nEOM\n    exit 1\nfi\n";
			showEnvVarsInLog = 0;
		};
		59300648EF735207F7634F02 /* [CP] Copy Pods Resources */ = {
			isa = PBXShellScriptBuildPhase;
			buildActionMask = 2147483647;
			files = (
			);
			inputPaths = (
			);
			name = "[CP] Copy Pods Resources";
			outputPaths = (
			);
			runOnlyForDeploymentPostprocessing = 0;
			shellPath = /bin/sh;
			shellScript = "\"${SRCROOT}/Pods/Target Support Files/Pods-OuthouseUITests/Pods-OuthouseUITests-resources.sh\"\n";
			showEnvVarsInLog = 0;
		};
		92F145806CECB1006FDC5D1A /* [CP] Copy Pods Resources */ = {
			isa = PBXShellScriptBuildPhase;
			buildActionMask = 2147483647;
			files = (
			);
			inputPaths = (
			);
			name = "[CP] Copy Pods Resources";
			outputPaths = (
			);
			runOnlyForDeploymentPostprocessing = 0;
			shellPath = /bin/sh;
			shellScript = "\"${SRCROOT}/Pods/Target Support Files/Pods-Outhouse/Pods-Outhouse-resources.sh\"\n";
			showEnvVarsInLog = 0;
		};
		D7F080AE1B9235EA2641E5E8 /* [CP] Embed Pods Frameworks */ = {
			isa = PBXShellScriptBuildPhase;
			buildActionMask = 2147483647;
			files = (
			);
			inputPaths = (
			);
			name = "[CP] Embed Pods Frameworks";
			outputPaths = (
			);
			runOnlyForDeploymentPostprocessing = 0;
			shellPath = /bin/sh;
			shellScript = "\"${SRCROOT}/Pods/Target Support Files/Pods-OuthouseTests/Pods-OuthouseTests-frameworks.sh\"\n";
			showEnvVarsInLog = 0;
		};
		E509EA53A8C2709714EFA8FF /* [CP] Check Pods Manifest.lock */ = {
			isa = PBXShellScriptBuildPhase;
			buildActionMask = 2147483647;
			files = (
			);
			inputPaths = (
			);
			name = "[CP] Check Pods Manifest.lock";
			outputPaths = (
			);
			runOnlyForDeploymentPostprocessing = 0;
			shellPath = /bin/sh;
			shellScript = "diff \"${PODS_ROOT}/../Podfile.lock\" \"${PODS_ROOT}/Manifest.lock\" > /dev/null\nif [[ $? != 0 ]] ; then\n    cat << EOM\nerror: The sandbox is not in sync with the Podfile.lock. Run 'pod install' or update your CocoaPods installation.\nEOM\n    exit 1\nfi\n";
			showEnvVarsInLog = 0;
		};
/* End PBXShellScriptBuildPhase section */

/* Begin PBXSourcesBuildPhase section */
		BD89C8F61D696ADA00678160 /* Sources */ = {
			isa = PBXSourcesBuildPhase;
			buildActionMask = 2147483647;
			files = (
				BDFE84371D696EB100E91234 /* BarcodeReaderViewController.swift in Sources */,
				BDFE84391D696EB100E91234 /* DataService.swift in Sources */,
				BDFE84461D6BD79A00E91234 /* ShowSplashScreenViewController.swift in Sources */,
				BD89C9001D696ADA00678160 /* ViewController.swift in Sources */,
				BD89C8FE1D696ADA00678160 /* AppDelegate.swift in Sources */,
				BDFE84361D696EB100E91234 /* TicketDetailsViewController.swift in Sources */,
				BDFE84351D696EB100E91234 /* Structures.swift in Sources */,
				BDCC22D71D8E151800909103 /* UpcomingEventsTableViewController.swift in Sources */,
				BDFE84381D696EB100E91234 /* Constants.swift in Sources */,
			);
			runOnlyForDeploymentPostprocessing = 0;
		};
		BD89C90A1D696ADA00678160 /* Sources */ = {
			isa = PBXSourcesBuildPhase;
			buildActionMask = 2147483647;
			files = (
				BD89C9131D696ADA00678160 /* OuthouseTests.swift in Sources */,
			);
			runOnlyForDeploymentPostprocessing = 0;
		};
		BD89C9151D696ADA00678160 /* Sources */ = {
			isa = PBXSourcesBuildPhase;
			buildActionMask = 2147483647;
			files = (
				BD89C91E1D696ADA00678160 /* OuthouseUITests.swift in Sources */,
			);
			runOnlyForDeploymentPostprocessing = 0;
		};
/* End PBXSourcesBuildPhase section */

/* Begin PBXTargetDependency section */
		BD89C9101D696ADA00678160 /* PBXTargetDependency */ = {
			isa = PBXTargetDependency;
			target = BD89C8F91D696ADA00678160 /* Outhouse */;
			targetProxy = BD89C90F1D696ADA00678160 /* PBXContainerItemProxy */;
		};
		BD89C91B1D696ADA00678160 /* PBXTargetDependency */ = {
			isa = PBXTargetDependency;
			target = BD89C8F91D696ADA00678160 /* Outhouse */;
			targetProxy = BD89C91A1D696ADA00678160 /* PBXContainerItemProxy */;
		};
/* End PBXTargetDependency section */

/* Begin PBXVariantGroup section */
		BD89C9011D696ADA00678160 /* Main.storyboard */ = {
			isa = PBXVariantGroup;
			children = (
				BD89C9021D696ADA00678160 /* Base */,
			);
			name = Main.storyboard;
			sourceTree = "<group>";
		};
		BD89C9061D696ADA00678160 /* LaunchScreen.storyboard */ = {
			isa = PBXVariantGroup;
			children = (
				BD89C9071D696ADA00678160 /* Base */,
			);
			name = LaunchScreen.storyboard;
			sourceTree = "<group>";
		};
/* End PBXVariantGroup section */

/* Begin XCBuildConfiguration section */
		BD89C9201D696ADA00678160 /* Debug */ = {
			isa = XCBuildConfiguration;
			buildSettings = {
				ALWAYS_SEARCH_USER_PATHS = NO;
				CLANG_ANALYZER_NONNULL = YES;
				CLANG_CXX_LANGUAGE_STANDARD = "gnu++0x";
				CLANG_CXX_LIBRARY = "libc++";
				CLANG_ENABLE_MODULES = YES;
				CLANG_ENABLE_OBJC_ARC = YES;
				CLANG_WARN_BOOL_CONVERSION = YES;
				CLANG_WARN_CONSTANT_CONVERSION = YES;
				CLANG_WARN_DIRECT_OBJC_ISA_USAGE = YES_ERROR;
				CLANG_WARN_EMPTY_BODY = YES;
				CLANG_WARN_ENUM_CONVERSION = YES;
				CLANG_WARN_INT_CONVERSION = YES;
				CLANG_WARN_OBJC_ROOT_CLASS = YES_ERROR;
				CLANG_WARN_UNREACHABLE_CODE = YES;
				CLANG_WARN__DUPLICATE_METHOD_MATCH = YES;
				"CODE_SIGN_IDENTITY[sdk=iphoneos*]" = "iPhone Developer";
				COPY_PHASE_STRIP = NO;
				DEBUG_INFORMATION_FORMAT = dwarf;
				ENABLE_STRICT_OBJC_MSGSEND = YES;
				ENABLE_TESTABILITY = YES;
				GCC_C_LANGUAGE_STANDARD = gnu99;
				GCC_DYNAMIC_NO_PIC = NO;
				GCC_NO_COMMON_BLOCKS = YES;
				GCC_OPTIMIZATION_LEVEL = 0;
				GCC_PREPROCESSOR_DEFINITIONS = (
					"DEBUG=1",
					"$(inherited)",
				);
				GCC_WARN_64_TO_32_BIT_CONVERSION = YES;
				GCC_WARN_ABOUT_RETURN_TYPE = YES_ERROR;
				GCC_WARN_UNDECLARED_SELECTOR = YES;
				GCC_WARN_UNINITIALIZED_AUTOS = YES_AGGRESSIVE;
				GCC_WARN_UNUSED_FUNCTION = YES;
				GCC_WARN_UNUSED_VARIABLE = YES;
				IPHONEOS_DEPLOYMENT_TARGET = 9.3;
				MTL_ENABLE_DEBUG_INFO = YES;
				ONLY_ACTIVE_ARCH = YES;
				SDKROOT = iphoneos;
				SWIFT_OPTIMIZATION_LEVEL = "-Onone";
			};
			name = Debug;
		};
		BD89C9211D696ADA00678160 /* Release */ = {
			isa = XCBuildConfiguration;
			buildSettings = {
				ALWAYS_SEARCH_USER_PATHS = NO;
				CLANG_ANALYZER_NONNULL = YES;
				CLANG_CXX_LANGUAGE_STANDARD = "gnu++0x";
				CLANG_CXX_LIBRARY = "libc++";
				CLANG_ENABLE_MODULES = YES;
				CLANG_ENABLE_OBJC_ARC = YES;
				CLANG_WARN_BOOL_CONVERSION = YES;
				CLANG_WARN_CONSTANT_CONVERSION = YES;
				CLANG_WARN_DIRECT_OBJC_ISA_USAGE = YES_ERROR;
				CLANG_WARN_EMPTY_BODY = YES;
				CLANG_WARN_ENUM_CONVERSION = YES;
				CLANG_WARN_INT_CONVERSION = YES;
				CLANG_WARN_OBJC_ROOT_CLASS = YES_ERROR;
				CLANG_WARN_UNREACHABLE_CODE = YES;
				CLANG_WARN__DUPLICATE_METHOD_MATCH = YES;
				"CODE_SIGN_IDENTITY[sdk=iphoneos*]" = "iPhone Developer";
				COPY_PHASE_STRIP = NO;
				DEBUG_INFORMATION_FORMAT = "dwarf-with-dsym";
				ENABLE_NS_ASSERTIONS = NO;
				ENABLE_STRICT_OBJC_MSGSEND = YES;
				GCC_C_LANGUAGE_STANDARD = gnu99;
				GCC_NO_COMMON_BLOCKS = YES;
				GCC_WARN_64_TO_32_BIT_CONVERSION = YES;
				GCC_WARN_ABOUT_RETURN_TYPE = YES_ERROR;
				GCC_WARN_UNDECLARED_SELECTOR = YES;
				GCC_WARN_UNINITIALIZED_AUTOS = YES_AGGRESSIVE;
				GCC_WARN_UNUSED_FUNCTION = YES;
				GCC_WARN_UNUSED_VARIABLE = YES;
				IPHONEOS_DEPLOYMENT_TARGET = 9.3;
				MTL_ENABLE_DEBUG_INFO = NO;
				SDKROOT = iphoneos;
				VALIDATE_PRODUCT = YES;
			};
			name = Release;
		};
		BD89C9231D696ADA00678160 /* Debug */ = {
			isa = XCBuildConfiguration;
			baseConfigurationReference = D78F3EA7C14C442DCDB45521 /* Pods-Outhouse.debug.xcconfig */;
			buildSettings = {
				ASSETCATALOG_COMPILER_APPICON_NAME = AppIcon;
				CODE_SIGN_IDENTITY = "iPhone Developer";
				INFOPLIST_FILE = Outhouse/Info.plist;
				LD_RUNPATH_SEARCH_PATHS = "$(inherited) @executable_path/Frameworks";
				PRODUCT_BUNDLE_IDENTIFIER = Amayzing.Outhouse;
				PRODUCT_NAME = "$(TARGET_NAME)";
			};
			name = Debug;
		};
		BD89C9241D696ADA00678160 /* Release */ = {
			isa = XCBuildConfiguration;
			baseConfigurationReference = 5702110529DE31FFE40DF4C6 /* Pods-Outhouse.release.xcconfig */;
			buildSettings = {
				ASSETCATALOG_COMPILER_APPICON_NAME = AppIcon;
				CODE_SIGN_IDENTITY = "iPhone Developer";
				INFOPLIST_FILE = Outhouse/Info.plist;
				LD_RUNPATH_SEARCH_PATHS = "$(inherited) @executable_path/Frameworks";
				PRODUCT_BUNDLE_IDENTIFIER = Amayzing.Outhouse;
				PRODUCT_NAME = "$(TARGET_NAME)";
			};
			name = Release;
		};
		BD89C9261D696ADA00678160 /* Debug */ = {
			isa = XCBuildConfiguration;
			baseConfigurationReference = FE54DD63CA0BE0A960625128 /* Pods-OuthouseTests.debug.xcconfig */;
			buildSettings = {
				BUNDLE_LOADER = "$(TEST_HOST)";
				INFOPLIST_FILE = OuthouseTests/Info.plist;
				LD_RUNPATH_SEARCH_PATHS = "$(inherited) @executable_path/Frameworks @loader_path/Frameworks";
				PRODUCT_BUNDLE_IDENTIFIER = Amayzing.OuthouseTests;
				PRODUCT_NAME = "$(TARGET_NAME)";
				TEST_HOST = "$(BUILT_PRODUCTS_DIR)/Outhouse.app/Outhouse";
			};
			name = Debug;
		};
		BD89C9271D696ADA00678160 /* Release */ = {
			isa = XCBuildConfiguration;
			baseConfigurationReference = 08254B4F212ED9BBFCB4A277 /* Pods-OuthouseTests.release.xcconfig */;
			buildSettings = {
				BUNDLE_LOADER = "$(TEST_HOST)";
				INFOPLIST_FILE = OuthouseTests/Info.plist;
				LD_RUNPATH_SEARCH_PATHS = "$(inherited) @executable_path/Frameworks @loader_path/Frameworks";
				PRODUCT_BUNDLE_IDENTIFIER = Amayzing.OuthouseTests;
				PRODUCT_NAME = "$(TARGET_NAME)";
				TEST_HOST = "$(BUILT_PRODUCTS_DIR)/Outhouse.app/Outhouse";
			};
			name = Release;
		};
		BD89C9291D696ADA00678160 /* Debug */ = {
			isa = XCBuildConfiguration;
			baseConfigurationReference = B92E08EDC519527F601C5576 /* Pods-OuthouseUITests.debug.xcconfig */;
			buildSettings = {
				"CODE_SIGN_ENTITLEMENTS[sdk=*]" = "";
				INFOPLIST_FILE = OuthouseUITests/Info.plist;
				LD_RUNPATH_SEARCH_PATHS = "$(inherited) @executable_path/Frameworks @loader_path/Frameworks";
				PRODUCT_BUNDLE_IDENTIFIER = Amayzing.OuthouseUITests;
				PRODUCT_NAME = "$(TARGET_NAME)";
				TEST_TARGET_NAME = Outhouse;
			};
			name = Debug;
		};
		BD89C92A1D696ADA00678160 /* Release */ = {
			isa = XCBuildConfiguration;
			baseConfigurationReference = 922503E2F1644CF4B61D0519 /* Pods-OuthouseUITests.release.xcconfig */;
			buildSettings = {
				INFOPLIST_FILE = OuthouseUITests/Info.plist;
				LD_RUNPATH_SEARCH_PATHS = "$(inherited) @executable_path/Frameworks @loader_path/Frameworks";
				PRODUCT_BUNDLE_IDENTIFIER = Amayzing.OuthouseUITests;
				PRODUCT_NAME = "$(TARGET_NAME)";
				TEST_TARGET_NAME = Outhouse;
			};
			name = Release;
		};
/* End XCBuildConfiguration section */

/* Begin XCConfigurationList section */
		BD89C8F51D696ADA00678160 /* Build configuration list for PBXProject "Outhouse" */ = {
			isa = XCConfigurationList;
			buildConfigurations = (
				BD89C9201D696ADA00678160 /* Debug */,
				BD89C9211D696ADA00678160 /* Release */,
			);
			defaultConfigurationIsVisible = 0;
			defaultConfigurationName = Release;
		};
		BD89C9221D696ADA00678160 /* Build configuration list for PBXNativeTarget "Outhouse" */ = {
			isa = XCConfigurationList;
			buildConfigurations = (
				BD89C9231D696ADA00678160 /* Debug */,
				BD89C9241D696ADA00678160 /* Release */,
			);
			defaultConfigurationIsVisible = 0;
			defaultConfigurationName = Release;
		};
		BD89C9251D696ADA00678160 /* Build configuration list for PBXNativeTarget "OuthouseTests" */ = {
			isa = XCConfigurationList;
			buildConfigurations = (
				BD89C9261D696ADA00678160 /* Debug */,
				BD89C9271D696ADA00678160 /* Release */,
			);
			defaultConfigurationIsVisible = 0;
			defaultConfigurationName = Release;
		};
		BD89C9281D696ADA00678160 /* Build configuration list for PBXNativeTarget "OuthouseUITests" */ = {
			isa = XCConfigurationList;
			buildConfigurations = (
				BD89C9291D696ADA00678160 /* Debug */,
				BD89C92A1D696ADA00678160 /* Release */,
			);
			defaultConfigurationIsVisible = 0;
			defaultConfigurationName = Release;
		};
/* End XCConfigurationList section */
	};
	rootObject = BD89C8F21D696ADA00678160 /* Project object */;
}
